
Microsoft Visual Studio Solution File, Format Version 12.00
# Visual Studio Version 16
VisualStudioVersion = 16.0.32929.386
MinimumVisualStudioVersion = 10.0.40219.1
Project("{9A19103F-16F7-4668-BE54-9A1E7A4F7556}") = "EntityLayer", "EntityLayer\EntityLayer.csproj", "{836A8361-FE49-46F3-979E-28A8374A17D5}"
EndProject
Project("{9A19103F-16F7-4668-BE54-9A1E7A4F7556}") = "DataAccessLayer", "DataAccessLayer\DataAccessLayer.csproj", "{0FC4CB13-1A18-447B-945D-F6A8A55EBEED}"
EndProject
Project("{9A19103F-16F7-4668-BE54-9A1E7A4F7556}") = "BusinessLayer", "BusinessLayer\BusinessLayer.csproj", "{19A3B19C-6CDE-45D2-B929-E0A59D38A243}"
EndProject
Project("{9A19103F-16F7-4668-BE54-9A1E7A4F7556}") = "CoreLayer", "CoreLayer\CoreLayer.csproj", "{AC88C1BA-51CA-4EFB-B332-04BB384E46B6}"
EndProject
Project("{FAE04EC0-301F-11D3-BF4B-00C04F79EFBC}") = "Core.Demo", "Core.Demo\Core.Demo.csproj", "{493D9A4D-BF4F-4820-838B-0AE1AF5F8351}"
EndProject
Global
	GlobalSection(SolutionConfigurationPlatforms) = preSolution
		Debug|Any CPU = Debug|Any CPU
		Release|Any CPU = Release|Any CPU
	EndGlobalSection
	GlobalSection(ProjectConfigurationPlatforms) = postSolution
		{836A8361-FE49-46F3-979E-28A8374A17D5}.Debug|Any CPU.ActiveCfg = Debug|Any CPU
		{836A8361-FE49-46F3-979E-28A8374A17D5}.Debug|Any CPU.Build.0 = Debug|Any CPU
		{836A8361-FE49-46F3-979E-28A8374A17D5}.Release|Any CPU.ActiveCfg = Release|Any CPU
		{836A8361-FE49-46F3-979E-28A8374A17D5}.Release|Any CPU.Build.0 = Release|Any CPU
		{0FC4CB13-1A18-447B-945D-F6A8A55EBEED}.Debug|Any CPU.ActiveCfg = Debug|Any CPU
		{0FC4CB13-1A18-447B-945D-F6A8A55EBEED}.Debug|Any CPU.Build.0 = Debug|Any CPU
		{0FC4CB13-1A18-447B-945D-F6A8A55EBEED}.Release|Any CPU.ActiveCfg = Release|Any CPU
		{0FC4CB13-1A18-447B-945D-F6A8A55EBEED}.Release|Any CPU.Build.0 = Release|Any CPU
		{19A3B19C-6CDE-45D2-B929-E0A59D38A243}.Debug|Any CPU.ActiveCfg = Debug|Any CPU
		{19A3B19C-6CDE-45D2-B929-E0A59D38A243}.Debug|Any CPU.Build.0 = Debug|Any CPU
		{19A3B19C-6CDE-45D2-B929-E0A59D38A243}.Release|Any CPU.ActiveCfg = Release|Any CPU
		{19A3B19C-6CDE-45D2-B929-E0A59D38A243}.Release|Any CPU.Build.0 = Release|Any CPU
		{AC88C1BA-51CA-4EFB-B332-04BB384E46B6}.Debug|Any CPU.ActiveCfg = Debug|Any CPU
		{AC88C1BA-51CA-4EFB-B332-04BB384E46B6}.Debug|Any CPU.Build.0 = Debug|Any CPU
		{AC88C1BA-51CA-4EFB-B332-04BB384E46B6}.Release|Any CPU.ActiveCfg = Release|Any CPU
		{AC88C1BA-51CA-4EFB-B332-04BB384E46B6}.Release|Any CPU.Build.0 = Release|Any CPU
		{493D9A4D-BF4F-4820-838B-0AE1AF5F8351}.Debug|Any CPU.ActiveCfg = Debug|Any CPU
		{493D9A4D-BF4F-4820-838B-0AE1AF5F8351}.Debug|Any CPU.Build.0 = Debug|Any CPU
		{493D9A4D-BF4F-4820-838B-0AE1AF5F8351}.Release|Any CPU.ActiveCfg = Release|Any CPU
		{493D9A4D-BF4F-4820-838B-0AE1AF5F8351}.Release|Any CPU.Build.0 = Release|Any CPU
	EndGlobalSection
	GlobalSection(SolutionProperties) = preSolution
		HideSolutionNode = FALSE
	EndGlobalSection
	GlobalSection(ExtensibilityGlobals) = postSolution
		SolutionGuid = {451FA2D8-9EAC-4672-8E1D-26186FC9563A}
	EndGlobalSection
EndGlobal
